// !$*UTF8*$!
{
	archiveVersion = 1;
	classes = {
	};
	objectVersion = 46;
	objects = {

/* Begin PBXBuildFile section */
		04FE42961E96CE0200884F9C /* AppDelegate.swift in Sources */ = {isa = PBXBuildFile; fileRef = 04FE42951E96CE0200884F9C /* AppDelegate.swift */; };
		04FE42981E96CE0200884F9C /* ViewController.swift in Sources */ = {isa = PBXBuildFile; fileRef = 04FE42971E96CE0200884F9C /* ViewController.swift */; };
		04FE429B1E96CE0300884F9C /* Main.storyboard in Resources */ = {isa = PBXBuildFile; fileRef = 04FE42991E96CE0300884F9C /* Main.storyboard */; };
		04FE429D1E96CE0300884F9C /* Assets.xcassets in Resources */ = {isa = PBXBuildFile; fileRef = 04FE429C1E96CE0300884F9C /* Assets.xcassets */; };
		04FE42A01E96CE0300884F9C /* LaunchScreen.storyboard in Resources */ = {isa = PBXBuildFile; fileRef = 04FE429E1E96CE0300884F9C /* LaunchScreen.storyboard */; };
		04FE42AB1E96CE0300884F9C /* CalculadoraIMC2Tests.swift in Sources */ = {isa = PBXBuildFile; fileRef = 04FE42AA1E96CE0300884F9C /* CalculadoraIMC2Tests.swift */; };
		04FE42B61E96CE0300884F9C /* CalculadoraIMC2UITests.swift in Sources */ = {isa = PBXBuildFile; fileRef = 04FE42B51E96CE0300884F9C /* CalculadoraIMC2UITests.swift */; };
/* End PBXBuildFile section */

/* Begin PBXContainerItemProxy section */
		04FE42A71E96CE0300884F9C /* PBXContainerItemProxy */ = {
			isa = PBXContainerItemProxy;
			containerPortal = 04FE428A1E96CE0200884F9C /* Project object */;
			proxyType = 1;
			remoteGlobalIDString = 04FE42911E96CE0200884F9C;
			remoteInfo = CalculadoraIMC2;
		};
		04FE42B21E96CE0300884F9C /* PBXContainerItemProxy */ = {
			isa = PBXContainerItemProxy;
			containerPortal = 04FE428A1E96CE0200884F9C /* Project object */;
			proxyType = 1;
			remoteGlobalIDString = 04FE42911E96CE0200884F9C;
			remoteInfo = CalculadoraIMC2;
		};
/* End PBXContainerItemProxy section */

/* Begin PBXFileReference section */
		04FE42921E96CE0200884F9C /* CalculadoraIMC2.app */ = {isa = PBXFileReference; explicitFileType = wrapper.application; includeInIndex = 0; path = CalculadoraIMC2.app; sourceTree = BUILT_PRODUCTS_DIR; };
		04FE42951E96CE0200884F9C /* AppDelegate.swift */ = {isa = PBXFileReference; lastKnownFileType = sourcecode.swift; path = AppDelegate.swift; sourceTree = "<group>"; };
		04FE42971E96CE0200884F9C /* ViewController.swift */ = {isa = PBXFileReference; lastKnownFileType = sourcecode.swift; path = ViewController.swift; sourceTree = "<group>"; };
		04FE429A1E96CE0300884F9C /* Base */ = {isa = PBXFileReference; lastKnownFileType = file.storyboard; name = Base; path = Base.lproj/Main.storyboard; sourceTree = "<group>"; };
		04FE429C1E96CE0300884F9C /* Assets.xcassets */ = {isa = PBXFileReference; lastKnownFileType = folder.assetcatalog; path = Assets.xcassets; sourceTree = "<group>"; };
		04FE429F1E96CE0300884F9C /* Base */ = {isa = PBXFileReference; lastKnownFileType = file.storyboard; name = Base; path = Base.lproj/LaunchScreen.storyboard; sourceTree = "<group>"; };
		04FE42A11E96CE0300884F9C /* Info.plist */ = {isa = PBXFileReference; lastKnownFileType = text.plist.xml; path = Info.plist; sourceTree = "<group>"; };
		04FE42A61E96CE0300884F9C /* CalculadoraIMC2Tests.xctest */ = {isa = PBXFileReference; explicitFileType = wrapper.cfbundle; includeInIndex = 0; path = CalculadoraIMC2Tests.xctest; sourceTree = BUILT_PRODUCTS_DIR; };
		04FE42AA1E96CE0300884F9C /* CalculadoraIMC2Tests.swift */ = {isa = PBXFileReference; lastKnownFileType = sourcecode.swift; path = CalculadoraIMC2Tests.swift; sourceTree = "<group>"; };
		04FE42AC1E96CE0300884F9C /* Info.plist */ = {isa = PBXFileReference; lastKnownFileType = text.plist.xml; path = Info.plist; sourceTree = "<group>"; };
		04FE42B11E96CE0300884F9C /* CalculadoraIMC2UITests.xctest */ = {isa = PBXFileReference; explicitFileType = wrapper.cfbundle; includeInIndex = 0; path = CalculadoraIMC2UITests.xctest; sourceTree = BUILT_PRODUCTS_DIR; };
		04FE42B51E96CE0300884F9C /* CalculadoraIMC2UITests.swift */ = {isa = PBXFileReference; lastKnownFileType = sourcecode.swift; path = CalculadoraIMC2UITests.swift; sourceTree = "<group>"; };
		04FE42B71E96CE0300884F9C /* Info.plist */ = {isa = PBXFileReference; lastKnownFileType = text.plist.xml; path = Info.plist; sourceTree = "<group>"; };
/* End PBXFileReference section */

/* Begin PBXFrameworksBuildPhase section */
		04FE428F1E96CE0200884F9C /* Frameworks */ = {
			isa = PBXFrameworksBuildPhase;
			buildActionMask = 2147483647;
			files = (
			);
			runOnlyForDeploymentPostprocessing = 0;
		};
		04FE42A31E96CE0300884F9C /* Frameworks */ = {
			isa = PBXFrameworksBuildPhase;
			buildActionMask = 2147483647;
			files = (
			);
			runOnlyForDeploymentPostprocessing = 0;
		};
		04FE42AE1E96CE0300884F9C /* Frameworks */ = {
			isa = PBXFrameworksBuildPhase;
			buildActionMask = 2147483647;
			files = (
			);
			runOnlyForDeploymentPostprocessing = 0;
		};
/* End PBXFrameworksBuildPhase section */

/* Begin PBXGroup section */
		04FE42891E96CE0200884F9C = {
			isa = PBXGroup;
			children = (
				04FE42941E96CE0200884F9C /* CalculadoraIMC2 */,
				04FE42A91E96CE0300884F9C /* CalculadoraIMC2Tests */,
				04FE42B41E96CE0300884F9C /* CalculadoraIMC2UITests */,
				04FE42931E96CE0200884F9C /* Products */,
			);
			sourceTree = "<group>";
		};
		04FE42931E96CE0200884F9C /* Products */ = {
			isa = PBXGroup;
			children = (
				04FE42921E96CE0200884F9C /* CalculadoraIMC2.app */,
				04FE42A61E96CE0300884F9C /* CalculadoraIMC2Tests.xctest */,
				04FE42B11E96CE0300884F9C /* CalculadoraIMC2UITests.xctest */,
			);
			name = Products;
			sourceTree = "<group>";
		};
		04FE42941E96CE0200884F9C /* CalculadoraIMC2 */ = {
			isa = PBXGroup;
			children = (
				04FE42951E96CE0200884F9C /* AppDelegate.swift */,
				04FE42971E96CE0200884F9C /* ViewController.swift */,
				04FE42991E96CE0300884F9C /* Main.storyboard */,
				04FE429C1E96CE0300884F9C /* Assets.xcassets */,
				04FE429E1E96CE0300884F9C /* LaunchScreen.storyboard */,
				04FE42A11E96CE0300884F9C /* Info.plist */,
			);
			path = CalculadoraIMC2;
			sourceTree = "<group>";
		};
		04FE42A91E96CE0300884F9C /* CalculadoraIMC2Tests */ = {
			isa = PBXGroup;
			children = (
				04FE42AA1E96CE0300884F9C /* CalculadoraIMC2Tests.swift */,
				04FE42AC1E96CE0300884F9C /* Info.plist */,
			);
			path = CalculadoraIMC2Tests;
			sourceTree = "<group>";
		};
		04FE42B41E96CE0300884F9C /* CalculadoraIMC2UITests */ = {
			isa = PBXGroup;
			children = (
				04FE42B51E96CE0300884F9C /* CalculadoraIMC2UITests.swift */,
				04FE42B71E96CE0300884F9C /* Info.plist */,
			);
			path = CalculadoraIMC2UITests;
			sourceTree = "<group>";
		};
/* End PBXGroup section */

/* Begin PBXNativeTarget section */
		04FE42911E96CE0200884F9C /* CalculadoraIMC2 */ = {
			isa = PBXNativeTarget;
			buildConfigurationList = 04FE42BA1E96CE0300884F9C /* Build configuration list for PBXNativeTarget "CalculadoraIMC2" */;
			buildPhases = (
				04FE428E1E96CE0200884F9C /* Sources */,
				04FE428F1E96CE0200884F9C /* Frameworks */,
				04FE42901E96CE0200884F9C /* Resources */,
			);
			buildRules = (
			);
			dependencies = (
			);
			name = CalculadoraIMC2;
			productName = CalculadoraIMC2;
			productReference = 04FE42921E96CE0200884F9C /* CalculadoraIMC2.app */;
			productType = "com.apple.product-type.application";
		};
		04FE42A51E96CE0300884F9C /* CalculadoraIMC2Tests */ = {
			isa = PBXNativeTarget;
			buildConfigurationList = 04FE42BD1E96CE0300884F9C /* Build configuration list for PBXNativeTarget "CalculadoraIMC2Tests" */;
			buildPhases = (
				04FE42A21E96CE0300884F9C /* Sources */,
				04FE42A31E96CE0300884F9C /* Frameworks */,
				04FE42A41E96CE0300884F9C /* Resources */,
			);
			buildRules = (
			);
			dependencies = (
				04FE42A81E96CE0300884F9C /* PBXTargetDependency */,
			);
			name = CalculadoraIMC2Tests;
			productName = CalculadoraIMC2Tests;
			productReference = 04FE42A61E96CE0300884F9C /* CalculadoraIMC2Tests.xctest */;
			productType = "com.apple.product-type.bundle.unit-test";
		};
		04FE42B01E96CE0300884F9C /* CalculadoraIMC2UITests */ = {
			isa = PBXNativeTarget;
			buildConfigurationList = 04FE42C01E96CE0300884F9C /* Build configuration list for PBXNativeTarget "CalculadoraIMC2UITests" */;
			buildPhases = (
				04FE42AD1E96CE0300884F9C /* Sources */,
				04FE42AE1E96CE0300884F9C /* Frameworks */,
				04FE42AF1E96CE0300884F9C /* Resources */,
			);
			buildRules = (
			);
			dependencies = (
				04FE42B31E96CE0300884F9C /* PBXTargetDependency */,
			);
			name = CalculadoraIMC2UITests;
			productName = CalculadoraIMC2UITests;
			productReference = 04FE42B11E96CE0300884F9C /* CalculadoraIMC2UITests.xctest */;
			productType = "com.apple.product-type.bundle.ui-testing";
		};
/* End PBXNativeTarget section */

/* Begin PBXProject section */
		04FE428A1E96CE0200884F9C /* Project object */ = {
			isa = PBXProject;
			attributes = {
				LastSwiftUpdateCheck = 0820;
				LastUpgradeCheck = 0820;
				ORGANIZATIONNAME = xgubianas;
				TargetAttributes = {
					04FE42911E96CE0200884F9C = {
						CreatedOnToolsVersion = 8.2.1;
						DevelopmentTeam = D2LN46987G;
						ProvisioningStyle = Automatic;
					};
					04FE42A51E96CE0300884F9C = {
						CreatedOnToolsVersion = 8.2.1;
						DevelopmentTeam = D2LN46987G;
						ProvisioningStyle = Automatic;
						TestTargetID = 04FE42911E96CE0200884F9C;
					};
					04FE42B01E96CE0300884F9C = {
						CreatedOnToolsVersion = 8.2.1;
						DevelopmentTeam = D2LN46987G;
						ProvisioningStyle = Automatic;
						TestTargetID = 04FE42911E96CE0200884F9C;
					};
				};
			};
			buildConfigurationList = 04FE428D1E96CE0200884F9C /* Build configuration list for PBXProject "CalculadoraIMC2" */;
			compatibilityVersion = "Xcode 3.2";
			developmentRegion = English;
			hasScannedForEncodings = 0;
			knownRegions = (
				en,
				Base,
			);
			mainGroup = 04FE42891E96CE0200884F9C;
			productRefGroup = 04FE42931E96CE0200884F9C /* Products */;
			projectDirPath = "";
			projectRoot = "";
			targets = (
				04FE42911E96CE0200884F9C /* CalculadoraIMC2 */,
				04FE42A51E96CE0300884F9C /* CalculadoraIMC2Tests */,
				04FE42B01E96CE0300884F9C /* CalculadoraIMC2UITests */,
			);
		};
/* End PBXProject section */

/* Begin PBXResourcesBuildPhase section */
		04FE42901E96CE0200884F9C /* Resources */ = {
			isa = PBXResourcesBuildPhase;
			buildActionMask = 2147483647;
			files = (
				04FE42A01E96CE0300884F9C /* LaunchScreen.storyboard in Resources */,
				04FE429D1E96CE0300884F9C /* Assets.xcassets in Resources */,
				04FE429B1E96CE0300884F9C /* Main.storyboard in Resources */,
			);
			runOnlyForDeploymentPostprocessing = 0;
		};
		04FE42A41E96CE0300884F9C /* Resources */ = {
			isa = PBXResourcesBuildPhase;
			buildActionMask = 2147483647;
			files = (
			);
			runOnlyForDeploymentPostprocessing = 0;
		};
		04FE42AF1E96CE0300884F9C /* Resources */ = {
			isa = PBXResourcesBuildPhase;
			buildActionMask = 2147483647;
			files = (
			);
			runOnlyForDeploymentPostprocessing = 0;
		};
/* End PBXResourcesBuildPhase section */

/* Begin PBXSourcesBuildPhase section */
		04FE428E1E96CE0200884F9C /* Sources */ = {
			isa = PBXSourcesBuildPhase;
			buildActionMask = 2147483647;
			files = (
				04FE42981E96CE0200884F9C /* ViewController.swift in Sources */,
				04FE42961E96CE0200884F9C /* AppDelegate.swift in Sources */,
			);
			runOnlyForDeploymentPostprocessing = 0;
		};
		04FE42A21E96CE0300884F9C /* Sources */ = {
			isa = PBXSourcesBuildPhase;
			buildActionMask = 2147483647;
			files = (
				04FE42AB1E96CE0300884F9C /* CalculadoraIMC2Tests.swift in Sources */,
			);
			runOnlyForDeploymentPostprocessing = 0;
		};
		04FE42AD1E96CE0300884F9C /* Sources */ = {
			isa = PBXSourcesBuildPhase;
			buildActionMask = 2147483647;
			files = (
				04FE42B61E96CE0300884F9C /* CalculadoraIMC2UITests.swift in Sources */,
			);
			runOnlyForDeploymentPostprocessing = 0;
		};
/* End PBXSourcesBuildPhase section */

/* Begin PBXTargetDependency section */
		04FE42A81E96CE0300884F9C /* PBXTargetDependency */ = {
			isa = PBXTargetDependency;
			target = 04FE42911E96CE0200884F9C /* CalculadoraIMC2 */;
			targetProxy = 04FE42A71E96CE0300884F9C /* PBXContainerItemProxy */;
		};
		04FE42B31E96CE0300884F9C /* PBXTargetDependency */ = {
			isa = PBXTargetDependency;
			target = 04FE42911E96CE0200884F9C /* CalculadoraIMC2 */;
			targetProxy = 04FE42B21E96CE0300884F9C /* PBXContainerItemProxy */;
		};
/* End PBXTargetDependency section */

/* Begin PBXVariantGroup section */
		04FE42991E96CE0300884F9C /* Main.storyboard */ = {
			isa = PBXVariantGroup;
			children = (
				04FE429A1E96CE0300884F9C /* Base */,
			);
			name = Main.storyboard;
			sourceTree = "<group>";
		};
		04FE429E1E96CE0300884F9C /* LaunchScreen.storyboard */ = {
			isa = PBXVariantGroup;
			children = (
				04FE429F1E96CE0300884F9C /* Base */,
			);
			name = LaunchScreen.storyboard;
			sourceTree = "<group>";
		};
/* End PBXVariantGroup section */

/* Begin XCBuildConfiguration section */
		04FE42B81E96CE0300884F9C /* Debug */ = {
			isa = XCBuildConfiguration;
			buildSettings = {
				ALWAYS_SEARCH_USER_PATHS = NO;
				CLANG_ANALYZER_NONNULL = YES;
				CLANG_CXX_LANGUAGE_STANDARD = "gnu++0x";
				CLANG_CXX_LIBRARY = "libc++";
				CLANG_ENABLE_MODULES = YES;
				CLANG_ENABLE_OBJC_ARC = YES;
				CLANG_WARN_BOOL_CONVERSION = YES;
				CLANG_WARN_CONSTANT_CONVERSION = YES;
				CLANG_WARN_DIRECT_OBJC_ISA_USAGE = YES_ERROR;
				CLANG_WARN_DOCUMENTATION_COMMENTS = YES;
				CLANG_WARN_EMPTY_BODY = YES;
				CLANG_WARN_ENUM_CONVERSION = YES;
				CLANG_WARN_INFINITE_RECURSION = YES;
				CLANG_WARN_INT_CONVERSION = YES;
				CLANG_WARN_OBJC_ROOT_CLASS = YES_ERROR;
				CLANG_WARN_SUSPICIOUS_MOVE = YES;
				CLANG_WARN_UNREACHABLE_CODE = YES;
				CLANG_WARN__DUPLICATE_METHOD_MATCH = YES;
				"CODE_SIGN_IDENTITY[sdk=iphoneos*]" = "iPhone Developer";
				COPY_PHASE_STRIP = NO;
				DEBUG_INFORMATION_FORMAT = dwarf;
				ENABLE_STRICT_OBJC_MSGSEND = YES;
				ENABLE_TESTABILITY = YES;
				GCC_C_LANGUAGE_STANDARD = gnu99;
				GCC_DYNAMIC_NO_PIC = NO;
				GCC_NO_COMMON_BLOCKS = YES;
				GCC_OPTIMIZATION_LEVEL = 0;
				GCC_PREPROCESSOR_DEFINITIONS = (
					"DEBUG=1",
					"$(inherited)",
				);
				GCC_WARN_64_TO_32_BIT_CONVERSION = YES;
				GCC_WARN_ABOUT_RETURN_TYPE = YES_ERROR;
				GCC_WARN_UNDECLARED_SELECTOR = YES;
				GCC_WARN_UNINITIALIZED_AUTOS = YES_AGGRESSIVE;
				GCC_WARN_UNUSED_FUNCTION = YES;
				GCC_WARN_UNUSED_VARIABLE = YES;
				IPHONEOS_DEPLOYMENT_TARGET = 10.2;
				MTL_ENABLE_DEBUG_INFO = YES;
				ONLY_ACTIVE_ARCH = YES;
				SDKROOT = iphoneos;
				SWIFT_ACTIVE_COMPILATION_CONDITIONS = DEBUG;
				SWIFT_OPTIMIZATION_LEVEL = "-Onone";
				TARGETED_DEVICE_FAMILY = "1,2";
			};
			name = Debug;
		};
		04FE42B91E96CE0300884F9C /* Release */ = {
			isa = XCBuildConfiguration;
			buildSettings = {
				ALWAYS_SEARCH_USER_PATHS = NO;
				CLANG_ANALYZER_NONNULL = YES;
				CLANG_CXX_LANGUAGE_STANDARD = "gnu++0x";
				CLANG_CXX_LIBRARY = "libc++";
				CLANG_ENABLE_MODULES = YES;
				CLANG_ENABLE_OBJC_ARC = YES;
				CLANG_WARN_BOOL_CONVERSION = YES;
				CLANG_WARN_CONSTANT_CONVERSION = YES;
				CLANG_WARN_DIRECT_OBJC_ISA_USAGE = YES_ERROR;
				CLANG_WARN_DOCUMENTATION_COMMENTS = YES;
				CLANG_WARN_EMPTY_BODY = YES;
				CLANG_WARN_ENUM_CONVERSION = YES;
				CLANG_WARN_INFINITE_RECURSION = YES;
				CLANG_WARN_INT_CONVERSION = YES;
				CLANG_WARN_OBJC_ROOT_CLASS = YES_ERROR;
				CLANG_WARN_SUSPICIOUS_MOVE = YES;
				CLANG_WARN_UNREACHABLE_CODE = YES;
				CLANG_WARN__DUPLICATE_METHOD_MATCH = YES;
				"CODE_SIGN_IDENTITY[sdk=iphoneos*]" = "iPhone Developer";
				COPY_PHASE_STRIP = NO;
				DEBUG_INFORMATION_FORMAT = "dwarf-with-dsym";
				ENABLE_NS_ASSERTIONS = NO;
				ENABLE_STRICT_OBJC_MSGSEND = YES;
				GCC_C_LANGUAGE_STANDARD = gnu99;
				GCC_NO_COMMON_BLOCKS = YES;
				GCC_WARN_64_TO_32_BIT_CONVERSION = YES;
				GCC_WARN_ABOUT_RETURN_TYPE = YES_ERROR;
				GCC_WARN_UNDECLARED_SELECTOR = YES;
				GCC_WARN_UNINITIALIZED_AUTOS = YES_AGGRESSIVE;
				GCC_WARN_UNUSED_FUNCTION = YES;
				GCC_WARN_UNUSED_VARIABLE = YES;
				IPHONEOS_DEPLOYMENT_TARGET = 10.2;
				MTL_ENABLE_DEBUG_INFO = NO;
				SDKROOT = iphoneos;
				SWIFT_OPTIMIZATION_LEVEL = "-Owholemodule";
				TARGETED_DEVICE_FAMILY = "1,2";
				VALIDATE_PRODUCT = YES;
			};
			name = Release;
		};
		04FE42BB1E96CE0300884F9C /* Debug */ = {
			isa = XCBuildConfiguration;
			buildSettings = {
				ASSETCATALOG_COMPILER_APPICON_NAME = AppIcon;
				DEVELOPMENT_TEAM = D2LN46987G;
				INFOPLIST_FILE = CalculadoraIMC2/Info.plist;
				LD_RUNPATH_SEARCH_PATHS = "$(inherited) @executable_path/Frameworks";
				PRODUCT_BUNDLE_IDENTIFIER = com.xgubianas.CalculadoraIMC2;
				PRODUCT_NAME = "$(TARGET_NAME)";
				SWIFT_VERSION = 3.0;
			};
			name = Debug;
		};
		04FE42BC1E96CE0300884F9C /* Release */ = {
			isa = XCBuildConfiguration;
			buildSettings = {
				ASSETCATALOG_COMPILER_APPICON_NAME = AppIcon;
				DEVELOPMENT_TEAM = D2LN46987G;
				INFOPLIST_FILE = CalculadoraIMC2/Info.plist;
				LD_RUNPATH_SEARCH_PATHS = "$(inherited) @executable_path/Frameworks";
				PRODUCT_BUNDLE_IDENTIFIER = com.xgubianas.CalculadoraIMC2;
				PRODUCT_NAME = "$(TARGET_NAME)";
				SWIFT_VERSION = 3.0;
			};
			name = Release;
		};
		04FE42BE1E96CE0300884F9C /* Debug */ = {
			isa = XCBuildConfiguration;
			buildSettings = {
				ALWAYS_EMBED_SWIFT_STANDARD_LIBRARIES = YES;
				BUNDLE_LOADER = "$(TEST_HOST)";
				DEVELOPMENT_TEAM = D2LN46987G;
				INFOPLIST_FILE = CalculadoraIMC2Tests/Info.plist;
				LD_RUNPATH_SEARCH_PATHS = "$(inherited) @executable_path/Frameworks @loader_path/Frameworks";
				PRODUCT_BUNDLE_IDENTIFIER = com.xgubianas.CalculadoraIMC2Tests;
				PRODUCT_NAME = "$(TARGET_NAME)";
				SWIFT_VERSION = 3.0;
				TEST_HOST = "$(BUILT_PRODUCTS_DIR)/CalculadoraIMC2.app/CalculadoraIMC2";
			};
			name = Debug;
		};
		04FE42BF1E96CE0300884F9C /* Release */ = {
			isa = XCBuildConfiguration;
			buildSettings = {
				ALWAYS_EMBED_SWIFT_STANDARD_LIBRARIES = YES;
				BUNDLE_LOADER = "$(TEST_HOST)";
				DEVELOPMENT_TEAM = D2LN46987G;
				INFOPLIST_FILE = CalculadoraIMC2Tests/Info.plist;
				LD_RUNPATH_SEARCH_PATHS = "$(inherited) @executable_path/Frameworks @loader_path/Frameworks";
				PRODUCT_BUNDLE_IDENTIFIER = com.xgubianas.CalculadoraIMC2Tests;
				PRODUCT_NAME = "$(TARGET_NAME)";
				SWIFT_VERSION = 3.0;
				TEST_HOST = "$(BUILT_PRODUCTS_DIR)/CalculadoraIMC2.app/CalculadoraIMC2";
			};
			name = Release;
		};
		04FE42C11E96CE0300884F9C /* Debug */ = {
			isa = XCBuildConfiguration;
			buildSettings = {
				ALWAYS_EMBED_SWIFT_STANDARD_LIBRARIES = YES;
				DEVELOPMENT_TEAM = D2LN46987G;
				INFOPLIST_FILE = CalculadoraIMC2UITests/Info.plist;
				LD_RUNPATH_SEARCH_PATHS = "$(inherited) @executable_path/Frameworks @loader_path/Frameworks";
				PRODUCT_BUNDLE_IDENTIFIER = com.xgubianas.CalculadoraIMC2UITests;
				PRODUCT_NAME = "$(TARGET_NAME)";
				SWIFT_VERSION = 3.0;
				TEST_TARGET_NAME = CalculadoraIMC2;
			};
			name = Debug;
		};
		04FE42C21E96CE0300884F9C /* Release */ = {
			isa = XCBuildConfiguration;
			buildSettings = {
				ALWAYS_EMBED_SWIFT_STANDARD_LIBRARIES = YES;
				DEVELOPMENT_TEAM = D2LN46987G;
				INFOPLIST_FILE = CalculadoraIMC2UITests/Info.plist;
				LD_RUNPATH_SEARCH_PATHS = "$(inherited) @executable_path/Frameworks @loader_path/Frameworks";
				PRODUCT_BUNDLE_IDENTIFIER = com.xgubianas.CalculadoraIMC2UITests;
				PRODUCT_NAME = "$(TARGET_NAME)";
				SWIFT_VERSION = 3.0;
				TEST_TARGET_NAME = CalculadoraIMC2;
			};
			name = Release;
		};
/* End XCBuildConfiguration section */

/* Begin XCConfigurationList section */
		04FE428D1E96CE0200884F9C /* Build configuration list for PBXProject "CalculadoraIMC2" */ = {
			isa = XCConfigurationList;
			buildConfigurations = (
				04FE42B81E96CE0300884F9C /* Debug */,
				04FE42B91E96CE0300884F9C /* Release */,
			);
			defaultConfigurationIsVisible = 0;
			defaultConfigurationName = Release;
		};
		04FE42BA1E96CE0300884F9C /* Build configuration list for PBXNativeTarget "CalculadoraIMC2" */ = {
			isa = XCConfigurationList;
			buildConfigurations = (
				04FE42BB1E96CE0300884F9C /* Debug */,
				04FE42BC1E96CE0300884F9C /* Release */,
			);
			defaultConfigurationIsVisible = 0;
		};
		04FE42BD1E96CE0300884F9C /* Build configuration list for PBXNativeTarget "CalculadoraIMC2Tests" */ = {
			isa = XCConfigurationList;
			buildConfigurations = (
				04FE42BE1E96CE0300884F9C /* Debug */,
				04FE42BF1E96CE0300884F9C /* Release */,
			);
			defaultConfigurationIsVisible = 0;
		};
		04FE42C01E96CE0300884F9C /* Build configuration list for PBXNativeTarget "CalculadoraIMC2UITests" */ = {
			isa = XCConfigurationList;
			buildConfigurations = (
				04FE42C11E96CE0300884F9C /* Debug */,
				04FE42C21E96CE0300884F9C /* Release */,
			);
			defaultConfigurationIsVisible = 0;
		};
/* End XCConfigurationList section */
	};
	rootObject = 04FE428A1E96CE0200884F9C /* Project object */;
}
