// !$*UTF8*$!
{
	archiveVersion = 1;
	classes = {
	};
	objectVersion = 46;
	objects = {

/* Begin PBXBuildFile section */
		04DE2C691ECBA60A005AC423 /* AppDelegate.swift in Sources */ = {isa = PBXBuildFile; fileRef = 04DE2C681ECBA60A005AC423 /* AppDelegate.swift */; };
		04DE2C6B1ECBA60A005AC423 /* ViewController.swift in Sources */ = {isa = PBXBuildFile; fileRef = 04DE2C6A1ECBA60A005AC423 /* ViewController.swift */; };
		04DE2C6E1ECBA60A005AC423 /* Main.storyboard in Resources */ = {isa = PBXBuildFile; fileRef = 04DE2C6C1ECBA60A005AC423 /* Main.storyboard */; };
		04DE2C701ECBA60A005AC423 /* Assets.xcassets in Resources */ = {isa = PBXBuildFile; fileRef = 04DE2C6F1ECBA60A005AC423 /* Assets.xcassets */; };
		04DE2C731ECBA60A005AC423 /* LaunchScreen.storyboard in Resources */ = {isa = PBXBuildFile; fileRef = 04DE2C711ECBA60A005AC423 /* LaunchScreen.storyboard */; };
		04F6D3141ECCE34D0008D89D /* ActesTableViewCell.swift in Sources */ = {isa = PBXBuildFile; fileRef = 04F6D3131ECCE34D0008D89D /* ActesTableViewCell.swift */; };
/* End PBXBuildFile section */

/* Begin PBXFileReference section */
		04DE2C651ECBA60A005AC423 /* TableView.app */ = {isa = PBXFileReference; explicitFileType = wrapper.application; includeInIndex = 0; path = TableView.app; sourceTree = BUILT_PRODUCTS_DIR; };
		04DE2C681ECBA60A005AC423 /* AppDelegate.swift */ = {isa = PBXFileReference; lastKnownFileType = sourcecode.swift; path = AppDelegate.swift; sourceTree = "<group>"; };
		04DE2C6A1ECBA60A005AC423 /* ViewController.swift */ = {isa = PBXFileReference; lastKnownFileType = sourcecode.swift; path = ViewController.swift; sourceTree = "<group>"; };
		04DE2C6D1ECBA60A005AC423 /* Base */ = {isa = PBXFileReference; lastKnownFileType = file.storyboard; name = Base; path = Base.lproj/Main.storyboard; sourceTree = "<group>"; };
		04DE2C6F1ECBA60A005AC423 /* Assets.xcassets */ = {isa = PBXFileReference; lastKnownFileType = folder.assetcatalog; path = Assets.xcassets; sourceTree = "<group>"; };
		04DE2C721ECBA60A005AC423 /* Base */ = {isa = PBXFileReference; lastKnownFileType = file.storyboard; name = Base; path = Base.lproj/LaunchScreen.storyboard; sourceTree = "<group>"; };
		04DE2C741ECBA60A005AC423 /* Info.plist */ = {isa = PBXFileReference; lastKnownFileType = text.plist.xml; path = Info.plist; sourceTree = "<group>"; };
		04F6D3131ECCE34D0008D89D /* ActesTableViewCell.swift */ = {isa = PBXFileReference; fileEncoding = 4; lastKnownFileType = sourcecode.swift; path = ActesTableViewCell.swift; sourceTree = "<group>"; };
/* End PBXFileReference section */

/* Begin PBXFrameworksBuildPhase section */
		04DE2C621ECBA60A005AC423 /* Frameworks */ = {
			isa = PBXFrameworksBuildPhase;
			buildActionMask = 2147483647;
			files = (
			);
			runOnlyForDeploymentPostprocessing = 0;
		};
/* End PBXFrameworksBuildPhase section */

/* Begin PBXGroup section */
		04DE2C5C1ECBA60A005AC423 = {
			isa = PBXGroup;
			children = (
				04DE2C671ECBA60A005AC423 /* TableView */,
				04DE2C661ECBA60A005AC423 /* Products */,
			);
			sourceTree = "<group>";
		};
		04DE2C661ECBA60A005AC423 /* Products */ = {
			isa = PBXGroup;
			children = (
				04DE2C651ECBA60A005AC423 /* TableView.app */,
			);
			name = Products;
			sourceTree = "<group>";
		};
		04DE2C671ECBA60A005AC423 /* TableView */ = {
			isa = PBXGroup;
			children = (
				04DE2C681ECBA60A005AC423 /* AppDelegate.swift */,
				04DE2C6A1ECBA60A005AC423 /* ViewController.swift */,
				04F6D3131ECCE34D0008D89D /* ActesTableViewCell.swift */,
				04DE2C6C1ECBA60A005AC423 /* Main.storyboard */,
				04DE2C6F1ECBA60A005AC423 /* Assets.xcassets */,
				04DE2C711ECBA60A005AC423 /* LaunchScreen.storyboard */,
				04DE2C741ECBA60A005AC423 /* Info.plist */,
			);
			path = TableView;
			sourceTree = "<group>";
		};
/* End PBXGroup section */

/* Begin PBXNativeTarget section */
		04DE2C641ECBA60A005AC423 /* TableView */ = {
			isa = PBXNativeTarget;
			buildConfigurationList = 04DE2C771ECBA60A005AC423 /* Build configuration list for PBXNativeTarget "TableView" */;
			buildPhases = (
				04DE2C611ECBA60A005AC423 /* Sources */,
				04DE2C621ECBA60A005AC423 /* Frameworks */,
				04DE2C631ECBA60A005AC423 /* Resources */,
			);
			buildRules = (
			);
			dependencies = (
			);
			name = TableView;
			productName = TableView;
			productReference = 04DE2C651ECBA60A005AC423 /* TableView.app */;
			productType = "com.apple.product-type.application";
		};
/* End PBXNativeTarget section */

/* Begin PBXProject section */
		04DE2C5D1ECBA60A005AC423 /* Project object */ = {
			isa = PBXProject;
			attributes = {
				LastSwiftUpdateCheck = 0830;
				LastUpgradeCheck = 0830;
				ORGANIZATIONNAME = xgubianas;
				TargetAttributes = {
					04DE2C641ECBA60A005AC423 = {
						CreatedOnToolsVersion = 8.3.2;
						DevelopmentTeam = D2LN46987G;
						ProvisioningStyle = Automatic;
					};
				};
			};
			buildConfigurationList = 04DE2C601ECBA60A005AC423 /* Build configuration list for PBXProject "TableView" */;
			compatibilityVersion = "Xcode 3.2";
			developmentRegion = English;
			hasScannedForEncodings = 0;
			knownRegions = (
				en,
				Base,
			);
			mainGroup = 04DE2C5C1ECBA60A005AC423;
			productRefGroup = 04DE2C661ECBA60A005AC423 /* Products */;
			projectDirPath = "";
			projectRoot = "";
			targets = (
				04DE2C641ECBA60A005AC423 /* TableView */,
			);
		};
/* End PBXProject section */

/* Begin PBXResourcesBuildPhase section */
		04DE2C631ECBA60A005AC423 /* Resources */ = {
			isa = PBXResourcesBuildPhase;
			buildActionMask = 2147483647;
			files = (
				04DE2C731ECBA60A005AC423 /* LaunchScreen.storyboard in Resources */,
				04DE2C701ECBA60A005AC423 /* Assets.xcassets in Resources */,
				04DE2C6E1ECBA60A005AC423 /* Main.storyboard in Resources */,
			);
			runOnlyForDeploymentPostprocessing = 0;
		};
/* End PBXResourcesBuildPhase section */

/* Begin PBXSourcesBuildPhase section */
		04DE2C611ECBA60A005AC423 /* Sources */ = {
			isa = PBXSourcesBuildPhase;
			buildActionMask = 2147483647;
			files = (
				04DE2C6B1ECBA60A005AC423 /* ViewController.swift in Sources */,
				04DE2C691ECBA60A005AC423 /* AppDelegate.swift in Sources */,
				04F6D3141ECCE34D0008D89D /* ActesTableViewCell.swift in Sources */,
			);
			runOnlyForDeploymentPostprocessing = 0;
		};
/* End PBXSourcesBuildPhase section */

/* Begin PBXVariantGroup section */
		04DE2C6C1ECBA60A005AC423 /* Main.storyboard */ = {
			isa = PBXVariantGroup;
			children = (
				04DE2C6D1ECBA60A005AC423 /* Base */,
			);
			name = Main.storyboard;
			sourceTree = "<group>";
		};
		04DE2C711ECBA60A005AC423 /* LaunchScreen.storyboard */ = {
			isa = PBXVariantGroup;
			children = (
				04DE2C721ECBA60A005AC423 /* Base */,
			);
			name = LaunchScreen.storyboard;
			sourceTree = "<group>";
		};
/* End PBXVariantGroup section */

/* Begin XCBuildConfiguration section */
		04DE2C751ECBA60A005AC423 /* Debug */ = {
			isa = XCBuildConfiguration;
			buildSettings = {
				ALWAYS_SEARCH_USER_PATHS = NO;
				CLANG_ANALYZER_NONNULL = YES;
				CLANG_ANALYZER_NUMBER_OBJECT_CONVERSION = YES_AGGRESSIVE;
				CLANG_CXX_LANGUAGE_STANDARD = "gnu++0x";
				CLANG_CXX_LIBRARY = "libc++";
				CLANG_ENABLE_MODULES = YES;
				CLANG_ENABLE_OBJC_ARC = YES;
				CLANG_WARN_BOOL_CONVERSION = YES;
				CLANG_WARN_CONSTANT_CONVERSION = YES;
				CLANG_WARN_DIRECT_OBJC_ISA_USAGE = YES_ERROR;
				CLANG_WARN_DOCUMENTATION_COMMENTS = YES;
				CLANG_WARN_EMPTY_BODY = YES;
				CLANG_WARN_ENUM_CONVERSION = YES;
				CLANG_WARN_INFINITE_RECURSION = YES;
				CLANG_WARN_INT_CONVERSION = YES;
				CLANG_WARN_OBJC_ROOT_CLASS = YES_ERROR;
				CLANG_WARN_SUSPICIOUS_MOVE = YES;
				CLANG_WARN_UNREACHABLE_CODE = YES;
				CLANG_WARN__DUPLICATE_METHOD_MATCH = YES;
				"CODE_SIGN_IDENTITY[sdk=iphoneos*]" = "iPhone Developer";
				COPY_PHASE_STRIP = NO;
				DEBUG_INFORMATION_FORMAT = dwarf;
				ENABLE_STRICT_OBJC_MSGSEND = YES;
				ENABLE_TESTABILITY = YES;
				GCC_C_LANGUAGE_STANDARD = gnu99;
				GCC_DYNAMIC_NO_PIC = NO;
				GCC_NO_COMMON_BLOCKS = YES;
				GCC_OPTIMIZATION_LEVEL = 0;
				GCC_PREPROCESSOR_DEFINITIONS = (
					"DEBUG=1",
					"$(inherited)",
				);
				GCC_WARN_64_TO_32_BIT_CONVERSION = YES;
				GCC_WARN_ABOUT_RETURN_TYPE = YES_ERROR;
				GCC_WARN_UNDECLARED_SELECTOR = YES;
				GCC_WARN_UNINITIALIZED_AUTOS = YES_AGGRESSIVE;
				GCC_WARN_UNUSED_FUNCTION = YES;
				GCC_WARN_UNUSED_VARIABLE = YES;
				IPHONEOS_DEPLOYMENT_TARGET = 10.3;
				MTL_ENABLE_DEBUG_INFO = YES;
				ONLY_ACTIVE_ARCH = YES;
				SDKROOT = iphoneos;
				SWIFT_ACTIVE_COMPILATION_CONDITIONS = DEBUG;
				SWIFT_OPTIMIZATION_LEVEL = "-Onone";
				TARGETED_DEVICE_FAMILY = "1,2";
			};
			name = Debug;
		};
		04DE2C761ECBA60A005AC423 /* Release */ = {
			isa = XCBuildConfiguration;
			buildSettings = {
				ALWAYS_SEARCH_USER_PATHS = NO;
				CLANG_ANALYZER_NONNULL = YES;
				CLANG_ANALYZER_NUMBER_OBJECT_CONVERSION = YES_AGGRESSIVE;
				CLANG_CXX_LANGUAGE_STANDARD = "gnu++0x";
				CLANG_CXX_LIBRARY = "libc++";
				CLANG_ENABLE_MODULES = YES;
				CLANG_ENABLE_OBJC_ARC = YES;
				CLANG_WARN_BOOL_CONVERSION = YES;
				CLANG_WARN_CONSTANT_CONVERSION = YES;
				CLANG_WARN_DIRECT_OBJC_ISA_USAGE = YES_ERROR;
				CLANG_WARN_DOCUMENTATION_COMMENTS = YES;
				CLANG_WARN_EMPTY_BODY = YES;
				CLANG_WARN_ENUM_CONVERSION = YES;
				CLANG_WARN_INFINITE_RECURSION = YES;
				CLANG_WARN_INT_CONVERSION = YES;
				CLANG_WARN_OBJC_ROOT_CLASS = YES_ERROR;
				CLANG_WARN_SUSPICIOUS_MOVE = YES;
				CLANG_WARN_UNREACHABLE_CODE = YES;
				CLANG_WARN__DUPLICATE_METHOD_MATCH = YES;
				"CODE_SIGN_IDENTITY[sdk=iphoneos*]" = "iPhone Developer";
				COPY_PHASE_STRIP = NO;
				DEBUG_INFORMATION_FORMAT = "dwarf-with-dsym";
				ENABLE_NS_ASSERTIONS = NO;
				ENABLE_STRICT_OBJC_MSGSEND = YES;
				GCC_C_LANGUAGE_STANDARD = gnu99;
				GCC_NO_COMMON_BLOCKS = YES;
				GCC_WARN_64_TO_32_BIT_CONVERSION = YES;
				GCC_WARN_ABOUT_RETURN_TYPE = YES_ERROR;
				GCC_WARN_UNDECLARED_SELECTOR = YES;
				GCC_WARN_UNINITIALIZED_AUTOS = YES_AGGRESSIVE;
				GCC_WARN_UNUSED_FUNCTION = YES;
				GCC_WARN_UNUSED_VARIABLE = YES;
				IPHONEOS_DEPLOYMENT_TARGET = 10.3;
				MTL_ENABLE_DEBUG_INFO = NO;
				SDKROOT = iphoneos;
				SWIFT_OPTIMIZATION_LEVEL = "-Owholemodule";
				TARGETED_DEVICE_FAMILY = "1,2";
				VALIDATE_PRODUCT = YES;
			};
			name = Release;
		};
		04DE2C781ECBA60A005AC423 /* Debug */ = {
			isa = XCBuildConfiguration;
			buildSettings = {
				ASSETCATALOG_COMPILER_APPICON_NAME = AppIcon;
				DEVELOPMENT_TEAM = D2LN46987G;
				INFOPLIST_FILE = TableView/Info.plist;
				LD_RUNPATH_SEARCH_PATHS = "$(inherited) @executable_path/Frameworks";
				PRODUCT_BUNDLE_IDENTIFIER = com.xgubianas.TableView;
				PRODUCT_NAME = "$(TARGET_NAME)";
				SWIFT_VERSION = 3.0;
			};
			name = Debug;
		};
		04DE2C791ECBA60A005AC423 /* Release */ = {
			isa = XCBuildConfiguration;
			buildSettings = {
				ASSETCATALOG_COMPILER_APPICON_NAME = AppIcon;
				DEVELOPMENT_TEAM = D2LN46987G;
				INFOPLIST_FILE = TableView/Info.plist;
				LD_RUNPATH_SEARCH_PATHS = "$(inherited) @executable_path/Frameworks";
				PRODUCT_BUNDLE_IDENTIFIER = com.xgubianas.TableView;
				PRODUCT_NAME = "$(TARGET_NAME)";
				SWIFT_VERSION = 3.0;
			};
			name = Release;
		};
/* End XCBuildConfiguration section */

/* Begin XCConfigurationList section */
		04DE2C601ECBA60A005AC423 /* Build configuration list for PBXProject "TableView" */ = {
			isa = XCConfigurationList;
			buildConfigurations = (
				04DE2C751ECBA60A005AC423 /* Debug */,
				04DE2C761ECBA60A005AC423 /* Release */,
			);
			defaultConfigurationIsVisible = 0;
			defaultConfigurationName = Release;
		};
		04DE2C771ECBA60A005AC423 /* Build configuration list for PBXNativeTarget "TableView" */ = {
			isa = XCConfigurationList;
			buildConfigurations = (
				04DE2C781ECBA60A005AC423 /* Debug */,
				04DE2C791ECBA60A005AC423 /* Release */,
			);
			defaultConfigurationIsVisible = 0;
			defaultConfigurationName = Release;
		};
/* End XCConfigurationList section */
	};
	rootObject = 04DE2C5D1ECBA60A005AC423 /* Project object */;
}
