// !$*UTF8*$!
{
	archiveVersion = 1;
	classes = {
	};
	objectVersion = 46;
	objects = {

/* Begin PBXBuildFile section */
		045372111EB131FA00175D46 /* AppDelegate.swift in Sources */ = {isa = PBXBuildFile; fileRef = 045372101EB131FA00175D46 /* AppDelegate.swift */; };
		045372131EB131FA00175D46 /* ViewController.swift in Sources */ = {isa = PBXBuildFile; fileRef = 045372121EB131FA00175D46 /* ViewController.swift */; };
		045372161EB131FA00175D46 /* Main.storyboard in Resources */ = {isa = PBXBuildFile; fileRef = 045372141EB131FA00175D46 /* Main.storyboard */; };
		045372181EB131FA00175D46 /* Assets.xcassets in Resources */ = {isa = PBXBuildFile; fileRef = 045372171EB131FA00175D46 /* Assets.xcassets */; };
		0453721B1EB131FA00175D46 /* LaunchScreen.storyboard in Resources */ = {isa = PBXBuildFile; fileRef = 045372191EB131FA00175D46 /* LaunchScreen.storyboard */; };
		0469354F1EB3D53800F4FCA2 /* VistaResultados.swift in Sources */ = {isa = PBXBuildFile; fileRef = 0469354E1EB3D53800F4FCA2 /* VistaResultados.swift */; };
/* End PBXBuildFile section */

/* Begin PBXFileReference section */
		0453720D1EB131FA00175D46 /* CalculadoraIMC.app */ = {isa = PBXFileReference; explicitFileType = wrapper.application; includeInIndex = 0; path = CalculadoraIMC.app; sourceTree = BUILT_PRODUCTS_DIR; };
		045372101EB131FA00175D46 /* AppDelegate.swift */ = {isa = PBXFileReference; lastKnownFileType = sourcecode.swift; path = AppDelegate.swift; sourceTree = "<group>"; };
		045372121EB131FA00175D46 /* ViewController.swift */ = {isa = PBXFileReference; lastKnownFileType = sourcecode.swift; path = ViewController.swift; sourceTree = "<group>"; };
		045372151EB131FA00175D46 /* Base */ = {isa = PBXFileReference; lastKnownFileType = file.storyboard; name = Base; path = Base.lproj/Main.storyboard; sourceTree = "<group>"; };
		045372171EB131FA00175D46 /* Assets.xcassets */ = {isa = PBXFileReference; lastKnownFileType = folder.assetcatalog; path = Assets.xcassets; sourceTree = "<group>"; };
		0453721A1EB131FA00175D46 /* Base */ = {isa = PBXFileReference; lastKnownFileType = file.storyboard; name = Base; path = Base.lproj/LaunchScreen.storyboard; sourceTree = "<group>"; };
		0453721C1EB131FA00175D46 /* Info.plist */ = {isa = PBXFileReference; lastKnownFileType = text.plist.xml; path = Info.plist; sourceTree = "<group>"; };
		0469354E1EB3D53800F4FCA2 /* VistaResultados.swift */ = {isa = PBXFileReference; fileEncoding = 4; lastKnownFileType = sourcecode.swift; path = VistaResultados.swift; sourceTree = "<group>"; };
/* End PBXFileReference section */

/* Begin PBXFrameworksBuildPhase section */
		0453720A1EB131FA00175D46 /* Frameworks */ = {
			isa = PBXFrameworksBuildPhase;
			buildActionMask = 2147483647;
			files = (
			);
			runOnlyForDeploymentPostprocessing = 0;
		};
/* End PBXFrameworksBuildPhase section */

/* Begin PBXGroup section */
		045372041EB131FA00175D46 = {
			isa = PBXGroup;
			children = (
				0453720F1EB131FA00175D46 /* CalculadoraIMC */,
				0453720E1EB131FA00175D46 /* Products */,
			);
			sourceTree = "<group>";
		};
		0453720E1EB131FA00175D46 /* Products */ = {
			isa = PBXGroup;
			children = (
				0453720D1EB131FA00175D46 /* CalculadoraIMC.app */,
			);
			name = Products;
			sourceTree = "<group>";
		};
		0453720F1EB131FA00175D46 /* CalculadoraIMC */ = {
			isa = PBXGroup;
			children = (
				045372101EB131FA00175D46 /* AppDelegate.swift */,
				045372121EB131FA00175D46 /* ViewController.swift */,
				045372141EB131FA00175D46 /* Main.storyboard */,
				045372171EB131FA00175D46 /* Assets.xcassets */,
				045372191EB131FA00175D46 /* LaunchScreen.storyboard */,
				0453721C1EB131FA00175D46 /* Info.plist */,
				0469354E1EB3D53800F4FCA2 /* VistaResultados.swift */,
			);
			path = CalculadoraIMC;
			sourceTree = "<group>";
		};
/* End PBXGroup section */

/* Begin PBXNativeTarget section */
		0453720C1EB131FA00175D46 /* CalculadoraIMC */ = {
			isa = PBXNativeTarget;
			buildConfigurationList = 0453721F1EB131FA00175D46 /* Build configuration list for PBXNativeTarget "CalculadoraIMC" */;
			buildPhases = (
				045372091EB131FA00175D46 /* Sources */,
				0453720A1EB131FA00175D46 /* Frameworks */,
				0453720B1EB131FA00175D46 /* Resources */,
			);
			buildRules = (
			);
			dependencies = (
			);
			name = CalculadoraIMC;
			productName = CalculadoraIMC;
			productReference = 0453720D1EB131FA00175D46 /* CalculadoraIMC.app */;
			productType = "com.apple.product-type.application";
		};
/* End PBXNativeTarget section */

/* Begin PBXProject section */
		045372051EB131FA00175D46 /* Project object */ = {
			isa = PBXProject;
			attributes = {
				LastSwiftUpdateCheck = 0820;
				LastUpgradeCheck = 0820;
				ORGANIZATIONNAME = xgubianas;
				TargetAttributes = {
					0453720C1EB131FA00175D46 = {
						CreatedOnToolsVersion = 8.2.1;
						DevelopmentTeam = D2LN46987G;
						ProvisioningStyle = Automatic;
					};
				};
			};
			buildConfigurationList = 045372081EB131FA00175D46 /* Build configuration list for PBXProject "CalculadoraIMC" */;
			compatibilityVersion = "Xcode 3.2";
			developmentRegion = English;
			hasScannedForEncodings = 0;
			knownRegions = (
				en,
				Base,
			);
			mainGroup = 045372041EB131FA00175D46;
			productRefGroup = 0453720E1EB131FA00175D46 /* Products */;
			projectDirPath = "";
			projectRoot = "";
			targets = (
				0453720C1EB131FA00175D46 /* CalculadoraIMC */,
			);
		};
/* End PBXProject section */

/* Begin PBXResourcesBuildPhase section */
		0453720B1EB131FA00175D46 /* Resources */ = {
			isa = PBXResourcesBuildPhase;
			buildActionMask = 2147483647;
			files = (
				0453721B1EB131FA00175D46 /* LaunchScreen.storyboard in Resources */,
				045372181EB131FA00175D46 /* Assets.xcassets in Resources */,
				045372161EB131FA00175D46 /* Main.storyboard in Resources */,
			);
			runOnlyForDeploymentPostprocessing = 0;
		};
/* End PBXResourcesBuildPhase section */

/* Begin PBXSourcesBuildPhase section */
		045372091EB131FA00175D46 /* Sources */ = {
			isa = PBXSourcesBuildPhase;
			buildActionMask = 2147483647;
			files = (
				045372131EB131FA00175D46 /* ViewController.swift in Sources */,
				045372111EB131FA00175D46 /* AppDelegate.swift in Sources */,
				0469354F1EB3D53800F4FCA2 /* VistaResultados.swift in Sources */,
			);
			runOnlyForDeploymentPostprocessing = 0;
		};
/* End PBXSourcesBuildPhase section */

/* Begin PBXVariantGroup section */
		045372141EB131FA00175D46 /* Main.storyboard */ = {
			isa = PBXVariantGroup;
			children = (
				045372151EB131FA00175D46 /* Base */,
			);
			name = Main.storyboard;
			sourceTree = "<group>";
		};
		045372191EB131FA00175D46 /* LaunchScreen.storyboard */ = {
			isa = PBXVariantGroup;
			children = (
				0453721A1EB131FA00175D46 /* Base */,
			);
			name = LaunchScreen.storyboard;
			sourceTree = "<group>";
		};
/* End PBXVariantGroup section */

/* Begin XCBuildConfiguration section */
		0453721D1EB131FA00175D46 /* Debug */ = {
			isa = XCBuildConfiguration;
			buildSettings = {
				ALWAYS_SEARCH_USER_PATHS = NO;
				CLANG_ANALYZER_NONNULL = YES;
				CLANG_CXX_LANGUAGE_STANDARD = "gnu++0x";
				CLANG_CXX_LIBRARY = "libc++";
				CLANG_ENABLE_MODULES = YES;
				CLANG_ENABLE_OBJC_ARC = YES;
				CLANG_WARN_BOOL_CONVERSION = YES;
				CLANG_WARN_CONSTANT_CONVERSION = YES;
				CLANG_WARN_DIRECT_OBJC_ISA_USAGE = YES_ERROR;
				CLANG_WARN_DOCUMENTATION_COMMENTS = YES;
				CLANG_WARN_EMPTY_BODY = YES;
				CLANG_WARN_ENUM_CONVERSION = YES;
				CLANG_WARN_INFINITE_RECURSION = YES;
				CLANG_WARN_INT_CONVERSION = YES;
				CLANG_WARN_OBJC_ROOT_CLASS = YES_ERROR;
				CLANG_WARN_SUSPICIOUS_MOVE = YES;
				CLANG_WARN_UNREACHABLE_CODE = YES;
				CLANG_WARN__DUPLICATE_METHOD_MATCH = YES;
				"CODE_SIGN_IDENTITY[sdk=iphoneos*]" = "iPhone Developer";
				COPY_PHASE_STRIP = NO;
				DEBUG_INFORMATION_FORMAT = dwarf;
				ENABLE_STRICT_OBJC_MSGSEND = YES;
				ENABLE_TESTABILITY = YES;
				GCC_C_LANGUAGE_STANDARD = gnu99;
				GCC_DYNAMIC_NO_PIC = NO;
				GCC_NO_COMMON_BLOCKS = YES;
				GCC_OPTIMIZATION_LEVEL = 0;
				GCC_PREPROCESSOR_DEFINITIONS = (
					"DEBUG=1",
					"$(inherited)",
				);
				GCC_WARN_64_TO_32_BIT_CONVERSION = YES;
				GCC_WARN_ABOUT_RETURN_TYPE = YES_ERROR;
				GCC_WARN_UNDECLARED_SELECTOR = YES;
				GCC_WARN_UNINITIALIZED_AUTOS = YES_AGGRESSIVE;
				GCC_WARN_UNUSED_FUNCTION = YES;
				GCC_WARN_UNUSED_VARIABLE = YES;
				IPHONEOS_DEPLOYMENT_TARGET = 10.2;
				MTL_ENABLE_DEBUG_INFO = YES;
				ONLY_ACTIVE_ARCH = YES;
				SDKROOT = iphoneos;
				SWIFT_ACTIVE_COMPILATION_CONDITIONS = DEBUG;
				SWIFT_OPTIMIZATION_LEVEL = "-Onone";
				TARGETED_DEVICE_FAMILY = "1,2";
			};
			name = Debug;
		};
		0453721E1EB131FA00175D46 /* Release */ = {
			isa = XCBuildConfiguration;
			buildSettings = {
				ALWAYS_SEARCH_USER_PATHS = NO;
				CLANG_ANALYZER_NONNULL = YES;
				CLANG_CXX_LANGUAGE_STANDARD = "gnu++0x";
				CLANG_CXX_LIBRARY = "libc++";
				CLANG_ENABLE_MODULES = YES;
				CLANG_ENABLE_OBJC_ARC = YES;
				CLANG_WARN_BOOL_CONVERSION = YES;
				CLANG_WARN_CONSTANT_CONVERSION = YES;
				CLANG_WARN_DIRECT_OBJC_ISA_USAGE = YES_ERROR;
				CLANG_WARN_DOCUMENTATION_COMMENTS = YES;
				CLANG_WARN_EMPTY_BODY = YES;
				CLANG_WARN_ENUM_CONVERSION = YES;
				CLANG_WARN_INFINITE_RECURSION = YES;
				CLANG_WARN_INT_CONVERSION = YES;
				CLANG_WARN_OBJC_ROOT_CLASS = YES_ERROR;
				CLANG_WARN_SUSPICIOUS_MOVE = YES;
				CLANG_WARN_UNREACHABLE_CODE = YES;
				CLANG_WARN__DUPLICATE_METHOD_MATCH = YES;
				"CODE_SIGN_IDENTITY[sdk=iphoneos*]" = "iPhone Developer";
				COPY_PHASE_STRIP = NO;
				DEBUG_INFORMATION_FORMAT = "dwarf-with-dsym";
				ENABLE_NS_ASSERTIONS = NO;
				ENABLE_STRICT_OBJC_MSGSEND = YES;
				GCC_C_LANGUAGE_STANDARD = gnu99;
				GCC_NO_COMMON_BLOCKS = YES;
				GCC_WARN_64_TO_32_BIT_CONVERSION = YES;
				GCC_WARN_ABOUT_RETURN_TYPE = YES_ERROR;
				GCC_WARN_UNDECLARED_SELECTOR = YES;
				GCC_WARN_UNINITIALIZED_AUTOS = YES_AGGRESSIVE;
				GCC_WARN_UNUSED_FUNCTION = YES;
				GCC_WARN_UNUSED_VARIABLE = YES;
				IPHONEOS_DEPLOYMENT_TARGET = 10.2;
				MTL_ENABLE_DEBUG_INFO = NO;
				SDKROOT = iphoneos;
				SWIFT_OPTIMIZATION_LEVEL = "-Owholemodule";
				TARGETED_DEVICE_FAMILY = "1,2";
				VALIDATE_PRODUCT = YES;
			};
			name = Release;
		};
		045372201EB131FA00175D46 /* Debug */ = {
			isa = XCBuildConfiguration;
			buildSettings = {
				ASSETCATALOG_COMPILER_APPICON_NAME = AppIcon;
				DEVELOPMENT_TEAM = D2LN46987G;
				INFOPLIST_FILE = CalculadoraIMC/Info.plist;
				LD_RUNPATH_SEARCH_PATHS = "$(inherited) @executable_path/Frameworks";
				PRODUCT_BUNDLE_IDENTIFIER = com.xgubianas.CalculadoraIMC;
				PRODUCT_NAME = "$(TARGET_NAME)";
				SWIFT_VERSION = 3.0;
			};
			name = Debug;
		};
		045372211EB131FA00175D46 /* Release */ = {
			isa = XCBuildConfiguration;
			buildSettings = {
				ASSETCATALOG_COMPILER_APPICON_NAME = AppIcon;
				DEVELOPMENT_TEAM = D2LN46987G;
				INFOPLIST_FILE = CalculadoraIMC/Info.plist;
				LD_RUNPATH_SEARCH_PATHS = "$(inherited) @executable_path/Frameworks";
				PRODUCT_BUNDLE_IDENTIFIER = com.xgubianas.CalculadoraIMC;
				PRODUCT_NAME = "$(TARGET_NAME)";
				SWIFT_VERSION = 3.0;
			};
			name = Release;
		};
/* End XCBuildConfiguration section */

/* Begin XCConfigurationList section */
		045372081EB131FA00175D46 /* Build configuration list for PBXProject "CalculadoraIMC" */ = {
			isa = XCConfigurationList;
			buildConfigurations = (
				0453721D1EB131FA00175D46 /* Debug */,
				0453721E1EB131FA00175D46 /* Release */,
			);
			defaultConfigurationIsVisible = 0;
			defaultConfigurationName = Release;
		};
		0453721F1EB131FA00175D46 /* Build configuration list for PBXNativeTarget "CalculadoraIMC" */ = {
			isa = XCConfigurationList;
			buildConfigurations = (
				045372201EB131FA00175D46 /* Debug */,
				045372211EB131FA00175D46 /* Release */,
			);
			defaultConfigurationIsVisible = 0;
			defaultConfigurationName = Release;
		};
/* End XCConfigurationList section */
	};
	rootObject = 045372051EB131FA00175D46 /* Project object */;
}
