// !$*UTF8*$!
{
	archiveVersion = 1;
	classes = {
	};
	objectVersion = 46;
	objects = {

/* Begin PBXBuildFile section */
		046935C11EB48EC100F4FCA2 /* AppDelegate.swift in Sources */ = {isa = PBXBuildFile; fileRef = 046935C01EB48EC100F4FCA2 /* AppDelegate.swift */; };
		046935C31EB48EC100F4FCA2 /* ViewController.swift in Sources */ = {isa = PBXBuildFile; fileRef = 046935C21EB48EC100F4FCA2 /* ViewController.swift */; };
		046935C61EB48EC100F4FCA2 /* Main.storyboard in Resources */ = {isa = PBXBuildFile; fileRef = 046935C41EB48EC100F4FCA2 /* Main.storyboard */; };
		046935C81EB48EC100F4FCA2 /* Assets.xcassets in Resources */ = {isa = PBXBuildFile; fileRef = 046935C71EB48EC100F4FCA2 /* Assets.xcassets */; };
		046935CB1EB48EC100F4FCA2 /* LaunchScreen.storyboard in Resources */ = {isa = PBXBuildFile; fileRef = 046935C91EB48EC100F4FCA2 /* LaunchScreen.storyboard */; };
/* End PBXBuildFile section */

/* Begin PBXFileReference section */
		046935BD1EB48EC100F4FCA2 /* Pizza2.app */ = {isa = PBXFileReference; explicitFileType = wrapper.application; includeInIndex = 0; path = Pizza2.app; sourceTree = BUILT_PRODUCTS_DIR; };
		046935C01EB48EC100F4FCA2 /* AppDelegate.swift */ = {isa = PBXFileReference; lastKnownFileType = sourcecode.swift; path = AppDelegate.swift; sourceTree = "<group>"; };
		046935C21EB48EC100F4FCA2 /* ViewController.swift */ = {isa = PBXFileReference; lastKnownFileType = sourcecode.swift; path = ViewController.swift; sourceTree = "<group>"; };
		046935C51EB48EC100F4FCA2 /* Base */ = {isa = PBXFileReference; lastKnownFileType = file.storyboard; name = Base; path = Base.lproj/Main.storyboard; sourceTree = "<group>"; };
		046935C71EB48EC100F4FCA2 /* Assets.xcassets */ = {isa = PBXFileReference; lastKnownFileType = folder.assetcatalog; path = Assets.xcassets; sourceTree = "<group>"; };
		046935CA1EB48EC100F4FCA2 /* Base */ = {isa = PBXFileReference; lastKnownFileType = file.storyboard; name = Base; path = Base.lproj/LaunchScreen.storyboard; sourceTree = "<group>"; };
		046935CC1EB48EC100F4FCA2 /* Info.plist */ = {isa = PBXFileReference; lastKnownFileType = text.plist.xml; path = Info.plist; sourceTree = "<group>"; };
/* End PBXFileReference section */

/* Begin PBXFrameworksBuildPhase section */
		046935BA1EB48EC100F4FCA2 /* Frameworks */ = {
			isa = PBXFrameworksBuildPhase;
			buildActionMask = 2147483647;
			files = (
			);
			runOnlyForDeploymentPostprocessing = 0;
		};
/* End PBXFrameworksBuildPhase section */

/* Begin PBXGroup section */
		046935B41EB48EC100F4FCA2 = {
			isa = PBXGroup;
			children = (
				046935BF1EB48EC100F4FCA2 /* Pizza2 */,
				046935BE1EB48EC100F4FCA2 /* Products */,
			);
			sourceTree = "<group>";
		};
		046935BE1EB48EC100F4FCA2 /* Products */ = {
			isa = PBXGroup;
			children = (
				046935BD1EB48EC100F4FCA2 /* Pizza2.app */,
			);
			name = Products;
			sourceTree = "<group>";
		};
		046935BF1EB48EC100F4FCA2 /* Pizza2 */ = {
			isa = PBXGroup;
			children = (
				046935C01EB48EC100F4FCA2 /* AppDelegate.swift */,
				046935C21EB48EC100F4FCA2 /* ViewController.swift */,
				046935C41EB48EC100F4FCA2 /* Main.storyboard */,
				046935C71EB48EC100F4FCA2 /* Assets.xcassets */,
				046935C91EB48EC100F4FCA2 /* LaunchScreen.storyboard */,
				046935CC1EB48EC100F4FCA2 /* Info.plist */,
			);
			path = Pizza2;
			sourceTree = "<group>";
		};
/* End PBXGroup section */

/* Begin PBXNativeTarget section */
		046935BC1EB48EC100F4FCA2 /* Pizza2 */ = {
			isa = PBXNativeTarget;
			buildConfigurationList = 046935CF1EB48EC100F4FCA2 /* Build configuration list for PBXNativeTarget "Pizza2" */;
			buildPhases = (
				046935B91EB48EC100F4FCA2 /* Sources */,
				046935BA1EB48EC100F4FCA2 /* Frameworks */,
				046935BB1EB48EC100F4FCA2 /* Resources */,
			);
			buildRules = (
			);
			dependencies = (
			);
			name = Pizza2;
			productName = Pizza2;
			productReference = 046935BD1EB48EC100F4FCA2 /* Pizza2.app */;
			productType = "com.apple.product-type.application";
		};
/* End PBXNativeTarget section */

/* Begin PBXProject section */
		046935B51EB48EC100F4FCA2 /* Project object */ = {
			isa = PBXProject;
			attributes = {
				LastSwiftUpdateCheck = 0820;
				LastUpgradeCheck = 0820;
				ORGANIZATIONNAME = xgubianas;
				TargetAttributes = {
					046935BC1EB48EC100F4FCA2 = {
						CreatedOnToolsVersion = 8.2.1;
						DevelopmentTeam = D2LN46987G;
						ProvisioningStyle = Automatic;
					};
				};
			};
			buildConfigurationList = 046935B81EB48EC100F4FCA2 /* Build configuration list for PBXProject "Pizza2" */;
			compatibilityVersion = "Xcode 3.2";
			developmentRegion = English;
			hasScannedForEncodings = 0;
			knownRegions = (
				en,
				Base,
			);
			mainGroup = 046935B41EB48EC100F4FCA2;
			productRefGroup = 046935BE1EB48EC100F4FCA2 /* Products */;
			projectDirPath = "";
			projectRoot = "";
			targets = (
				046935BC1EB48EC100F4FCA2 /* Pizza2 */,
			);
		};
/* End PBXProject section */

/* Begin PBXResourcesBuildPhase section */
		046935BB1EB48EC100F4FCA2 /* Resources */ = {
			isa = PBXResourcesBuildPhase;
			buildActionMask = 2147483647;
			files = (
				046935CB1EB48EC100F4FCA2 /* LaunchScreen.storyboard in Resources */,
				046935C81EB48EC100F4FCA2 /* Assets.xcassets in Resources */,
				046935C61EB48EC100F4FCA2 /* Main.storyboard in Resources */,
			);
			runOnlyForDeploymentPostprocessing = 0;
		};
/* End PBXResourcesBuildPhase section */

/* Begin PBXSourcesBuildPhase section */
		046935B91EB48EC100F4FCA2 /* Sources */ = {
			isa = PBXSourcesBuildPhase;
			buildActionMask = 2147483647;
			files = (
				046935C31EB48EC100F4FCA2 /* ViewController.swift in Sources */,
				046935C11EB48EC100F4FCA2 /* AppDelegate.swift in Sources */,
			);
			runOnlyForDeploymentPostprocessing = 0;
		};
/* End PBXSourcesBuildPhase section */

/* Begin PBXVariantGroup section */
		046935C41EB48EC100F4FCA2 /* Main.storyboard */ = {
			isa = PBXVariantGroup;
			children = (
				046935C51EB48EC100F4FCA2 /* Base */,
			);
			name = Main.storyboard;
			sourceTree = "<group>";
		};
		046935C91EB48EC100F4FCA2 /* LaunchScreen.storyboard */ = {
			isa = PBXVariantGroup;
			children = (
				046935CA1EB48EC100F4FCA2 /* Base */,
			);
			name = LaunchScreen.storyboard;
			sourceTree = "<group>";
		};
/* End PBXVariantGroup section */

/* Begin XCBuildConfiguration section */
		046935CD1EB48EC100F4FCA2 /* Debug */ = {
			isa = XCBuildConfiguration;
			buildSettings = {
				ALWAYS_SEARCH_USER_PATHS = NO;
				CLANG_ANALYZER_NONNULL = YES;
				CLANG_CXX_LANGUAGE_STANDARD = "gnu++0x";
				CLANG_CXX_LIBRARY = "libc++";
				CLANG_ENABLE_MODULES = YES;
				CLANG_ENABLE_OBJC_ARC = YES;
				CLANG_WARN_BOOL_CONVERSION = YES;
				CLANG_WARN_CONSTANT_CONVERSION = YES;
				CLANG_WARN_DIRECT_OBJC_ISA_USAGE = YES_ERROR;
				CLANG_WARN_DOCUMENTATION_COMMENTS = YES;
				CLANG_WARN_EMPTY_BODY = YES;
				CLANG_WARN_ENUM_CONVERSION = YES;
				CLANG_WARN_INFINITE_RECURSION = YES;
				CLANG_WARN_INT_CONVERSION = YES;
				CLANG_WARN_OBJC_ROOT_CLASS = YES_ERROR;
				CLANG_WARN_SUSPICIOUS_MOVE = YES;
				CLANG_WARN_UNREACHABLE_CODE = YES;
				CLANG_WARN__DUPLICATE_METHOD_MATCH = YES;
				"CODE_SIGN_IDENTITY[sdk=iphoneos*]" = "iPhone Developer";
				COPY_PHASE_STRIP = NO;
				DEBUG_INFORMATION_FORMAT = dwarf;
				ENABLE_STRICT_OBJC_MSGSEND = YES;
				ENABLE_TESTABILITY = YES;
				GCC_C_LANGUAGE_STANDARD = gnu99;
				GCC_DYNAMIC_NO_PIC = NO;
				GCC_NO_COMMON_BLOCKS = YES;
				GCC_OPTIMIZATION_LEVEL = 0;
				GCC_PREPROCESSOR_DEFINITIONS = (
					"DEBUG=1",
					"$(inherited)",
				);
				GCC_WARN_64_TO_32_BIT_CONVERSION = YES;
				GCC_WARN_ABOUT_RETURN_TYPE = YES_ERROR;
				GCC_WARN_UNDECLARED_SELECTOR = YES;
				GCC_WARN_UNINITIALIZED_AUTOS = YES_AGGRESSIVE;
				GCC_WARN_UNUSED_FUNCTION = YES;
				GCC_WARN_UNUSED_VARIABLE = YES;
				IPHONEOS_DEPLOYMENT_TARGET = 10.2;
				MTL_ENABLE_DEBUG_INFO = YES;
				ONLY_ACTIVE_ARCH = YES;
				SDKROOT = iphoneos;
				SWIFT_ACTIVE_COMPILATION_CONDITIONS = DEBUG;
				SWIFT_OPTIMIZATION_LEVEL = "-Onone";
				TARGETED_DEVICE_FAMILY = "1,2";
			};
			name = Debug;
		};
		046935CE1EB48EC100F4FCA2 /* Release */ = {
			isa = XCBuildConfiguration;
			buildSettings = {
				ALWAYS_SEARCH_USER_PATHS = NO;
				CLANG_ANALYZER_NONNULL = YES;
				CLANG_CXX_LANGUAGE_STANDARD = "gnu++0x";
				CLANG_CXX_LIBRARY = "libc++";
				CLANG_ENABLE_MODULES = YES;
				CLANG_ENABLE_OBJC_ARC = YES;
				CLANG_WARN_BOOL_CONVERSION = YES;
				CLANG_WARN_CONSTANT_CONVERSION = YES;
				CLANG_WARN_DIRECT_OBJC_ISA_USAGE = YES_ERROR;
				CLANG_WARN_DOCUMENTATION_COMMENTS = YES;
				CLANG_WARN_EMPTY_BODY = YES;
				CLANG_WARN_ENUM_CONVERSION = YES;
				CLANG_WARN_INFINITE_RECURSION = YES;
				CLANG_WARN_INT_CONVERSION = YES;
				CLANG_WARN_OBJC_ROOT_CLASS = YES_ERROR;
				CLANG_WARN_SUSPICIOUS_MOVE = YES;
				CLANG_WARN_UNREACHABLE_CODE = YES;
				CLANG_WARN__DUPLICATE_METHOD_MATCH = YES;
				"CODE_SIGN_IDENTITY[sdk=iphoneos*]" = "iPhone Developer";
				COPY_PHASE_STRIP = NO;
				DEBUG_INFORMATION_FORMAT = "dwarf-with-dsym";
				ENABLE_NS_ASSERTIONS = NO;
				ENABLE_STRICT_OBJC_MSGSEND = YES;
				GCC_C_LANGUAGE_STANDARD = gnu99;
				GCC_NO_COMMON_BLOCKS = YES;
				GCC_WARN_64_TO_32_BIT_CONVERSION = YES;
				GCC_WARN_ABOUT_RETURN_TYPE = YES_ERROR;
				GCC_WARN_UNDECLARED_SELECTOR = YES;
				GCC_WARN_UNINITIALIZED_AUTOS = YES_AGGRESSIVE;
				GCC_WARN_UNUSED_FUNCTION = YES;
				GCC_WARN_UNUSED_VARIABLE = YES;
				IPHONEOS_DEPLOYMENT_TARGET = 10.2;
				MTL_ENABLE_DEBUG_INFO = NO;
				SDKROOT = iphoneos;
				SWIFT_OPTIMIZATION_LEVEL = "-Owholemodule";
				TARGETED_DEVICE_FAMILY = "1,2";
				VALIDATE_PRODUCT = YES;
			};
			name = Release;
		};
		046935D01EB48EC100F4FCA2 /* Debug */ = {
			isa = XCBuildConfiguration;
			buildSettings = {
				ASSETCATALOG_COMPILER_APPICON_NAME = AppIcon;
				DEVELOPMENT_TEAM = D2LN46987G;
				INFOPLIST_FILE = Pizza2/Info.plist;
				LD_RUNPATH_SEARCH_PATHS = "$(inherited) @executable_path/Frameworks";
				PRODUCT_BUNDLE_IDENTIFIER = com.xgubianas.Pizza2;
				PRODUCT_NAME = "$(TARGET_NAME)";
				SWIFT_VERSION = 3.0;
			};
			name = Debug;
		};
		046935D11EB48EC100F4FCA2 /* Release */ = {
			isa = XCBuildConfiguration;
			buildSettings = {
				ASSETCATALOG_COMPILER_APPICON_NAME = AppIcon;
				DEVELOPMENT_TEAM = D2LN46987G;
				INFOPLIST_FILE = Pizza2/Info.plist;
				LD_RUNPATH_SEARCH_PATHS = "$(inherited) @executable_path/Frameworks";
				PRODUCT_BUNDLE_IDENTIFIER = com.xgubianas.Pizza2;
				PRODUCT_NAME = "$(TARGET_NAME)";
				SWIFT_VERSION = 3.0;
			};
			name = Release;
		};
/* End XCBuildConfiguration section */

/* Begin XCConfigurationList section */
		046935B81EB48EC100F4FCA2 /* Build configuration list for PBXProject "Pizza2" */ = {
			isa = XCConfigurationList;
			buildConfigurations = (
				046935CD1EB48EC100F4FCA2 /* Debug */,
				046935CE1EB48EC100F4FCA2 /* Release */,
			);
			defaultConfigurationIsVisible = 0;
			defaultConfigurationName = Release;
		};
		046935CF1EB48EC100F4FCA2 /* Build configuration list for PBXNativeTarget "Pizza2" */ = {
			isa = XCConfigurationList;
			buildConfigurations = (
				046935D01EB48EC100F4FCA2 /* Debug */,
				046935D11EB48EC100F4FCA2 /* Release */,
			);
			defaultConfigurationIsVisible = 0;
		};
/* End XCConfigurationList section */
	};
	rootObject = 046935B51EB48EC100F4FCA2 /* Project object */;
}
